
Microsoft Visual Studio Solution File, Format Version 12.00
# Visual Studio Version 16
VisualStudioVersion = 16.0.29728.190
MinimumVisualStudioVersion = 10.0.40219.1
Project("{9A19103F-16F7-4668-BE54-9A1E7A4F7556}") = "AlgorithmsWpf", "AlgorithmsWpf\AlgorithmsWpf.csproj", "{D5CB59FB-0BD5-4160-8406-643E0E795DE9}"
EndProject
Project("{9A19103F-16F7-4668-BE54-9A1E7A4F7556}") = "LibSort", "LibSort\LibSort.csproj", "{35068FEF-3847-41E0-BFED-AEC1D6C01F53}"
EndProject
Project("{FAE04EC0-301F-11D3-BF4B-00C04F79EFBC}") = "LibSelect", "LibSelect\LibSelect.csproj", "{EE2C5C7C-02F6-4C1C-B88B-77FB03C6DF5E}"
EndProject
Project("{FAE04EC0-301F-11D3-BF4B-00C04F79EFBC}") = "CommonTypes", "CommonTypes\CommonTypes.csproj", "{AF0125BE-0A32-4B75-AA4D-A3C89D532717}"
EndProject
Global
	GlobalSection(SolutionConfigurationPlatforms) = preSolution
		Debug|Any CPU = Debug|Any CPU
		Release|Any CPU = Release|Any CPU
	EndGlobalSection
	GlobalSection(ProjectConfigurationPlatforms) = postSolution
		{D5CB59FB-0BD5-4160-8406-643E0E795DE9}.Debug|Any CPU.ActiveCfg = Debug|Any CPU
		{D5CB59FB-0BD5-4160-8406-643E0E795DE9}.Debug|Any CPU.Build.0 = Debug|Any CPU
		{D5CB59FB-0BD5-4160-8406-643E0E795DE9}.Release|Any CPU.ActiveCfg = Release|Any CPU
		{D5CB59FB-0BD5-4160-8406-643E0E795DE9}.Release|Any CPU.Build.0 = Release|Any CPU
		{35068FEF-3847-41E0-BFED-AEC1D6C01F53}.Debug|Any CPU.ActiveCfg = Debug|Any CPU
		{35068FEF-3847-41E0-BFED-AEC1D6C01F53}.Debug|Any CPU.Build.0 = Debug|Any CPU
		{35068FEF-3847-41E0-BFED-AEC1D6C01F53}.Release|Any CPU.ActiveCfg = Release|Any CPU
		{35068FEF-3847-41E0-BFED-AEC1D6C01F53}.Release|Any CPU.Build.0 = Release|Any CPU
		{EE2C5C7C-02F6-4C1C-B88B-77FB03C6DF5E}.Debug|Any CPU.ActiveCfg = Debug|Any CPU
		{EE2C5C7C-02F6-4C1C-B88B-77FB03C6DF5E}.Debug|Any CPU.Build.0 = Debug|Any CPU
		{EE2C5C7C-02F6-4C1C-B88B-77FB03C6DF5E}.Release|Any CPU.ActiveCfg = Release|Any CPU
		{EE2C5C7C-02F6-4C1C-B88B-77FB03C6DF5E}.Release|Any CPU.Build.0 = Release|Any CPU
		{AF0125BE-0A32-4B75-AA4D-A3C89D532717}.Debug|Any CPU.ActiveCfg = Debug|Any CPU
		{AF0125BE-0A32-4B75-AA4D-A3C89D532717}.Debug|Any CPU.Build.0 = Debug|Any CPU
		{AF0125BE-0A32-4B75-AA4D-A3C89D532717}.Release|Any CPU.ActiveCfg = Release|Any CPU
		{AF0125BE-0A32-4B75-AA4D-A3C89D532717}.Release|Any CPU.Build.0 = Release|Any CPU
	EndGlobalSection
	GlobalSection(SolutionProperties) = preSolution
		HideSolutionNode = FALSE
	EndGlobalSection
	GlobalSection(ExtensibilityGlobals) = postSolution
		SolutionGuid = {68BAB325-E43C-46E9-89F6-0237DAB99D4A}
	EndGlobalSection
EndGlobal
